
Microsoft Visual Studio Solution File, Format Version 12.00
# Visual Studio 14
VisualStudioVersion = 14.0.25420.1
MinimumVisualStudioVersion = 10.0.40219.1
Project("{FAE04EC0-301F-11D3-BF4B-00C04F79EFBC}") = "Calculartor", "Calculartor\Calculartor.csproj", "{ACDB1E4C-C4D0-46A8-80D3-64C9F5D34488}"
EndProject
Global
	GlobalSection(SolutionConfigurationPlatforms) = preSolution
		Debug|Any CPU = Debug|Any CPU
		Release|Any CPU = Release|Any CPU
	EndGlobalSection
	GlobalSection(ProjectConfigurationPlatforms) = postSolution
		{ACDB1E4C-C4D0-46A8-80D3-64C9F5D34488}.Debug|Any CPU.ActiveCfg = Debug|Any CPU
		{ACDB1E4C-C4D0-46A8-80D3-64C9F5D34488}.Debug|Any CPU.Build.0 = Debug|Any CPU
		{ACDB1E4C-C4D0-46A8-80D3-64C9F5D34488}.Release|Any CPU.ActiveCfg = Release|Any CPU
		{ACDB1E4C-C4D0-46A8-80D3-64C9F5D34488}.Release|Any CPU.Build.0 = Release|Any CPU
	EndGlobalSection
	GlobalSection(SolutionProperties) = preSolution
		HideSolutionNode = FALSE
	EndGlobalSection
EndGlobal
