
Microsoft Visual Studio Solution File, Format Version 12.00
# Visual Studio Version 16
VisualStudioVersion = 16.0.30320.27
MinimumVisualStudioVersion = 10.0.40219.1
Project("{FAE04EC0-301F-11D3-BF4B-00C04F79EFBC}") = "QLSach", "QLSach\QLSach.csproj", "{B87825B9-4BCF-4BEF-AE3B-D6B5D1FDE3FE}"
EndProject
Global
	GlobalSection(SolutionConfigurationPlatforms) = preSolution
		Debug|Any CPU = Debug|Any CPU
		Release|Any CPU = Release|Any CPU
	EndGlobalSection
	GlobalSection(ProjectConfigurationPlatforms) = postSolution
		{B87825B9-4BCF-4BEF-AE3B-D6B5D1FDE3FE}.Debug|Any CPU.ActiveCfg = Debug|Any CPU
		{B87825B9-4BCF-4BEF-AE3B-D6B5D1FDE3FE}.Debug|Any CPU.Build.0 = Debug|Any CPU
		{B87825B9-4BCF-4BEF-AE3B-D6B5D1FDE3FE}.Release|Any CPU.ActiveCfg = Release|Any CPU
		{B87825B9-4BCF-4BEF-AE3B-D6B5D1FDE3FE}.Release|Any CPU.Build.0 = Release|Any CPU
	EndGlobalSection
	GlobalSection(SolutionProperties) = preSolution
		HideSolutionNode = FALSE
	EndGlobalSection
	GlobalSection(ExtensibilityGlobals) = postSolution
		SolutionGuid = {8D29E4E6-B80F-45FD-8ACE-708EE5756052}
	EndGlobalSection
EndGlobal
